// !$*UTF8*$!
{
	archiveVersion = 1;
	classes = {
	};
	objectVersion = 46;
	objects = {

/* Begin PBXBuildFile section */
		AE6659731BDF30150028CC52 /* sub.cpp in Sources */ = {isa = PBXBuildFile; fileRef = AE6659721BDF30150028CC52 /* sub.cpp */; settings = {ASSET_TAGS = (); }; };
		AE6B1DC31BDE5014006079DE /* peer.cpp in Sources */ = {isa = PBXBuildFile; fileRef = AE6B1DC21BDE5014006079DE /* peer.cpp */; settings = {ASSET_TAGS = (); }; };
		AEA757FD1BD730C900EF5C82 /* main.cpp in Sources */ = {isa = PBXBuildFile; fileRef = AEA757FC1BD730C900EF5C82 /* main.cpp */; };
		AEA758071BD73E5A00EF5C82 /* avp.cpp in Sources */ = {isa = PBXBuildFile; fileRef = AEA758031BD73E5A00EF5C82 /* avp.cpp */; settings = {ASSET_TAGS = (); }; };
		AEA758081BD73E5A00EF5C82 /* avputil.cpp in Sources */ = {isa = PBXBuildFile; fileRef = AEA758051BD73E5A00EF5C82 /* avputil.cpp */; settings = {ASSET_TAGS = (); }; };
		AEA758121BD7431500EF5C82 /* diameter.cpp in Sources */ = {isa = PBXBuildFile; fileRef = AEA758101BD7431500EF5C82 /* diameter.cpp */; settings = {ASSET_TAGS = (); }; };
/* End PBXBuildFile section */

/* Begin PBXCopyFilesBuildPhase section */
		AEA757F71BD730C900EF5C82 /* CopyFiles */ = {
			isa = PBXCopyFilesBuildPhase;
			buildActionMask = 2147483647;
			dstPath = /usr/share/man/man1/;
			dstSubfolderSpec = 0;
			files = (
			);
			runOnlyForDeploymentPostprocessing = 1;
		};
/* End PBXCopyFilesBuildPhase section */

/* Begin PBXFileReference section */
		AE6659711BDF30040028CC52 /* sub.h */ = {isa = PBXFileReference; lastKnownFileType = sourcecode.c.h; path = sub.h; sourceTree = "<group>"; };
		AE6659721BDF30150028CC52 /* sub.cpp */ = {isa = PBXFileReference; fileEncoding = 4; lastKnownFileType = sourcecode.cpp.cpp; path = sub.cpp; sourceTree = "<group>"; };
		AE6B1DC11BDE5001006079DE /* peer.h */ = {isa = PBXFileReference; lastKnownFileType = sourcecode.c.h; path = peer.h; sourceTree = "<group>"; };
		AE6B1DC21BDE5014006079DE /* peer.cpp */ = {isa = PBXFileReference; fileEncoding = 4; lastKnownFileType = sourcecode.cpp.cpp; path = peer.cpp; sourceTree = "<group>"; };
		AEA757F91BD730C900EF5C82 /* pgw */ = {isa = PBXFileReference; explicitFileType = "compiled.mach-o.executable"; includeInIndex = 0; path = pgw; sourceTree = BUILT_PRODUCTS_DIR; };
		AEA757FC1BD730C900EF5C82 /* main.cpp */ = {isa = PBXFileReference; lastKnownFileType = sourcecode.cpp.cpp; path = main.cpp; sourceTree = "<group>"; };
		AEA758031BD73E5A00EF5C82 /* avp.cpp */ = {isa = PBXFileReference; fileEncoding = 4; lastKnownFileType = sourcecode.cpp.cpp; name = avp.cpp; path = ../diameter/diameter/avp.cpp; sourceTree = "<group>"; };
		AEA758041BD73E5A00EF5C82 /* avp.h */ = {isa = PBXFileReference; fileEncoding = 4; lastKnownFileType = sourcecode.c.h; name = avp.h; path = ../diameter/diameter/avp.h; sourceTree = "<group>"; };
		AEA758051BD73E5A00EF5C82 /* avputil.cpp */ = {isa = PBXFileReference; fileEncoding = 4; lastKnownFileType = sourcecode.cpp.cpp; name = avputil.cpp; path = ../diameter/diameter/avputil.cpp; sourceTree = "<group>"; };
		AEA758061BD73E5A00EF5C82 /* avputil.h */ = {isa = PBXFileReference; fileEncoding = 4; lastKnownFileType = sourcecode.c.h; name = avputil.h; path = ../diameter/diameter/avputil.h; sourceTree = "<group>"; };
		AEA758101BD7431500EF5C82 /* diameter.cpp */ = {isa = PBXFileReference; fileEncoding = 4; lastKnownFileType = sourcecode.cpp.cpp; name = diameter.cpp; path = ../diameter/diameter/diameter.cpp; sourceTree = "<group>"; };
		AEA758111BD7431500EF5C82 /* diameter.h */ = {isa = PBXFileReference; fileEncoding = 4; lastKnownFileType = sourcecode.c.h; name = diameter.h; path = ../diameter/diameter/diameter.h; sourceTree = "<group>"; };
/* End PBXFileReference section */

/* Begin PBXFrameworksBuildPhase section */
		AEA757F61BD730C900EF5C82 /* Frameworks */ = {
			isa = PBXFrameworksBuildPhase;
			buildActionMask = 2147483647;
			files = (
			);
			runOnlyForDeploymentPostprocessing = 0;
		};
/* End PBXFrameworksBuildPhase section */

/* Begin PBXGroup section */
		AEA757F01BD730C900EF5C82 = {
			isa = PBXGroup;
			children = (
				AEA758101BD7431500EF5C82 /* diameter.cpp */,
				AEA758111BD7431500EF5C82 /* diameter.h */,
				AEA758031BD73E5A00EF5C82 /* avp.cpp */,
				AEA758041BD73E5A00EF5C82 /* avp.h */,
				AEA758051BD73E5A00EF5C82 /* avputil.cpp */,
				AEA758061BD73E5A00EF5C82 /* avputil.h */,
				AEA757FB1BD730C900EF5C82 /* pgw */,
				AEA757FA1BD730C900EF5C82 /* Products */,
			);
			sourceTree = "<group>";
		};
		AEA757FA1BD730C900EF5C82 /* Products */ = {
			isa = PBXGroup;
			children = (
				AEA757F91BD730C900EF5C82 /* pgw */,
			);
			name = Products;
			sourceTree = "<group>";
		};
		AEA757FB1BD730C900EF5C82 /* pgw */ = {
			isa = PBXGroup;
			children = (
				AEA757FC1BD730C900EF5C82 /* main.cpp */,
				AE6B1DC11BDE5001006079DE /* peer.h */,
				AE6B1DC21BDE5014006079DE /* peer.cpp */,
				AE6659711BDF30040028CC52 /* sub.h */,
				AE6659721BDF30150028CC52 /* sub.cpp */,
			);
			path = pgw;
			sourceTree = "<group>";
		};
/* End PBXGroup section */

/* Begin PBXNativeTarget section */
		AEA757F81BD730C900EF5C82 /* pgw */ = {
			isa = PBXNativeTarget;
			buildConfigurationList = AEA758001BD730C900EF5C82 /* Build configuration list for PBXNativeTarget "pgw" */;
			buildPhases = (
				AEA757F51BD730C900EF5C82 /* Sources */,
				AEA757F61BD730C900EF5C82 /* Frameworks */,
				AEA757F71BD730C900EF5C82 /* CopyFiles */,
			);
			buildRules = (
			);
			dependencies = (
			);
			name = pgw;
			productName = pgw;
			productReference = AEA757F91BD730C900EF5C82 /* pgw */;
			productType = "com.apple.product-type.tool";
		};
/* End PBXNativeTarget section */

/* Begin PBXProject section */
		AEA757F11BD730C900EF5C82 /* Project object */ = {
			isa = PBXProject;
			attributes = {
				LastUpgradeCheck = 0700;
				ORGANIZATIONNAME = hidayat;
				TargetAttributes = {
					AEA757F81BD730C900EF5C82 = {
						CreatedOnToolsVersion = 7.0;
					};
				};
			};
			buildConfigurationList = AEA757F41BD730C900EF5C82 /* Build configuration list for PBXProject "pgw" */;
			compatibilityVersion = "Xcode 3.2";
			developmentRegion = English;
			hasScannedForEncodings = 0;
			knownRegions = (
				en,
			);
			mainGroup = AEA757F01BD730C900EF5C82;
			productRefGroup = AEA757FA1BD730C900EF5C82 /* Products */;
			projectDirPath = "";
			projectRoot = "";
			targets = (
				AEA757F81BD730C900EF5C82 /* pgw */,
			);
		};
/* End PBXProject section */

/* Begin PBXSourcesBuildPhase section */
		AEA757F51BD730C900EF5C82 /* Sources */ = {
			isa = PBXSourcesBuildPhase;
			buildActionMask = 2147483647;
			files = (
				AE6659731BDF30150028CC52 /* sub.cpp in Sources */,
				AEA758121BD7431500EF5C82 /* diameter.cpp in Sources */,
				AEA757FD1BD730C900EF5C82 /* main.cpp in Sources */,
				AEA758071BD73E5A00EF5C82 /* avp.cpp in Sources */,
				AE6B1DC31BDE5014006079DE /* peer.cpp in Sources */,
				AEA758081BD73E5A00EF5C82 /* avputil.cpp in Sources */,
			);
			runOnlyForDeploymentPostprocessing = 0;
		};
/* End PBXSourcesBuildPhase section */

/* Begin XCBuildConfiguration section */
		AEA757FE1BD730C900EF5C82 /* Debug */ = {
			isa = XCBuildConfiguration;
			buildSettings = {
				ALWAYS_SEARCH_USER_PATHS = NO;
				CLANG_CXX_LANGUAGE_STANDARD = "gnu++0x";
				CLANG_CXX_LIBRARY = "libc++";
				CLANG_ENABLE_MODULES = YES;
				CLANG_ENABLE_OBJC_ARC = YES;
				CLANG_WARN_BOOL_CONVERSION = YES;
				CLANG_WARN_CONSTANT_CONVERSION = YES;
				CLANG_WARN_DIRECT_OBJC_ISA_USAGE = YES_ERROR;
				CLANG_WARN_EMPTY_BODY = YES;
				CLANG_WARN_ENUM_CONVERSION = YES;
				CLANG_WARN_INT_CONVERSION = YES;
				CLANG_WARN_OBJC_ROOT_CLASS = YES_ERROR;
				CLANG_WARN_UNREACHABLE_CODE = YES;
				CLANG_WARN__DUPLICATE_METHOD_MATCH = YES;
				COPY_PHASE_STRIP = NO;
				DEBUG_INFORMATION_FORMAT = dwarf;
				ENABLE_STRICT_OBJC_MSGSEND = YES;
				ENABLE_TESTABILITY = YES;
				GCC_C_LANGUAGE_STANDARD = gnu99;
				GCC_DYNAMIC_NO_PIC = NO;
				GCC_NO_COMMON_BLOCKS = YES;
				GCC_OPTIMIZATION_LEVEL = 0;
				GCC_PREPROCESSOR_DEFINITIONS = (
					"DEBUG=1",
					"$(inherited)",
				);
				GCC_WARN_64_TO_32_BIT_CONVERSION = YES;
				GCC_WARN_ABOUT_RETURN_TYPE = YES_ERROR;
				GCC_WARN_UNDECLARED_SELECTOR = YES;
				GCC_WARN_UNINITIALIZED_AUTOS = YES_AGGRESSIVE;
				GCC_WARN_UNUSED_FUNCTION = YES;
				GCC_WARN_UNUSED_VARIABLE = YES;
				HEADER_SEARCH_PATHS = "";
				LIBRARY_SEARCH_PATHS = "";
				MACOSX_DEPLOYMENT_TARGET = 10.11;
				MTL_ENABLE_DEBUG_INFO = YES;
				ONLY_ACTIVE_ARCH = YES;
				OTHER_LDFLAGS = "";
				SDKROOT = macosx;
			};
			name = Debug;
		};
		AEA757FF1BD730C900EF5C82 /* Release */ = {
			isa = XCBuildConfiguration;
			buildSettings = {
				ALWAYS_SEARCH_USER_PATHS = NO;
				CLANG_CXX_LANGUAGE_STANDARD = "gnu++0x";
				CLANG_CXX_LIBRARY = "libc++";
				CLANG_ENABLE_MODULES = YES;
				CLANG_ENABLE_OBJC_ARC = YES;
				CLANG_WARN_BOOL_CONVERSION = YES;
				CLANG_WARN_CONSTANT_CONVERSION = YES;
				CLANG_WARN_DIRECT_OBJC_ISA_USAGE = YES_ERROR;
				CLANG_WARN_EMPTY_BODY = YES;
				CLANG_WARN_ENUM_CONVERSION = YES;
				CLANG_WARN_INT_CONVERSION = YES;
				CLANG_WARN_OBJC_ROOT_CLASS = YES_ERROR;
				CLANG_WARN_UNREACHABLE_CODE = YES;
				CLANG_WARN__DUPLICATE_METHOD_MATCH = YES;
				COPY_PHASE_STRIP = NO;
				DEBUG_INFORMATION_FORMAT = "dwarf-with-dsym";
				ENABLE_NS_ASSERTIONS = NO;
				ENABLE_STRICT_OBJC_MSGSEND = YES;
				GCC_C_LANGUAGE_STANDARD = gnu99;
				GCC_NO_COMMON_BLOCKS = YES;
				GCC_WARN_64_TO_32_BIT_CONVERSION = YES;
				GCC_WARN_ABOUT_RETURN_TYPE = YES_ERROR;
				GCC_WARN_UNDECLARED_SELECTOR = YES;
				GCC_WARN_UNINITIALIZED_AUTOS = YES_AGGRESSIVE;
				GCC_WARN_UNUSED_FUNCTION = YES;
				GCC_WARN_UNUSED_VARIABLE = YES;
				HEADER_SEARCH_PATHS = "";
				LIBRARY_SEARCH_PATHS = "";
				MACOSX_DEPLOYMENT_TARGET = 10.11;
				MTL_ENABLE_DEBUG_INFO = NO;
				OTHER_LDFLAGS = "";
				SDKROOT = macosx;
			};
			name = Release;
		};
		AEA758011BD730C900EF5C82 /* Debug */ = {
			isa = XCBuildConfiguration;
			buildSettings = {
				PRODUCT_NAME = "$(TARGET_NAME)";
			};
			name = Debug;
		};
		AEA758021BD730C900EF5C82 /* Release */ = {
			isa = XCBuildConfiguration;
			buildSettings = {
				PRODUCT_NAME = "$(TARGET_NAME)";
			};
			name = Release;
		};
/* End XCBuildConfiguration section */

/* Begin XCConfigurationList section */
		AEA757F41BD730C900EF5C82 /* Build configuration list for PBXProject "pgw" */ = {
			isa = XCConfigurationList;
			buildConfigurations = (
				AEA757FE1BD730C900EF5C82 /* Debug */,
				AEA757FF1BD730C900EF5C82 /* Release */,
			);
			defaultConfigurationIsVisible = 0;
			defaultConfigurationName = Release;
		};
		AEA758001BD730C900EF5C82 /* Build configuration list for PBXNativeTarget "pgw" */ = {
			isa = XCConfigurationList;
			buildConfigurations = (
				AEA758011BD730C900EF5C82 /* Debug */,
				AEA758021BD730C900EF5C82 /* Release */,
			);
			defaultConfigurationIsVisible = 0;
			defaultConfigurationName = Release;
		};
/* End XCConfigurationList section */
	};
	rootObject = AEA757F11BD730C900EF5C82 /* Project object */;
}
